// !$*UTF8*$!
{
	archiveVersion = 1;
	classes = {
	};
	objectVersion = 46;
	objects = {

/* Begin PBXBuildFile section */
		934746C419A1F26600D54E53 /* Localizable.strings in Resources */ = {isa = PBXBuildFile; fileRef = 934746C619A1F26600D54E53 /* Localizable.strings */; };
		93AF834619A1E7D000E47DCF /* main.m in Sources */ = {isa = PBXBuildFile; fileRef = 93AF834519A1E7D000E47DCF /* main.m */; };
		93AF834919A1E7D000E47DCF /* AppDelegate.m in Sources */ = {isa = PBXBuildFile; fileRef = 93AF834819A1E7D000E47DCF /* AppDelegate.m */; };
		93AF834B19A1E7D000E47DCF /* Images.xcassets in Resources */ = {isa = PBXBuildFile; fileRef = 93AF834A19A1E7D000E47DCF /* Images.xcassets */; };
		93AF834E19A1E7D000E47DCF /* MainMenu.xib in Resources */ = {isa = PBXBuildFile; fileRef = 93AF834C19A1E7D000E47DCF /* MainMenu.xib */; };
		93AF835A19A1E7D100E47DCF /* SitReminderTests.m in Sources */ = {isa = PBXBuildFile; fileRef = 93AF835919A1E7D100E47DCF /* SitReminderTests.m */; };
		93AF836519A1E83200E47DCF /* Sparkle.framework in Frameworks */ = {isa = PBXBuildFile; fileRef = 93AF836419A1E83200E47DCF /* Sparkle.framework */; };
		93AF836E19A1E83C00E47DCF /* dsa_pub.pem in Resources */ = {isa = PBXBuildFile; fileRef = 93AF836719A1E83C00E47DCF /* dsa_pub.pem */; };
		93AF836F19A1E83C00E47DCF /* icon.icns in Resources */ = {isa = PBXBuildFile; fileRef = 93AF836819A1E83C00E47DCF /* icon.icns */; };
		93AF837019A1E83C00E47DCF /* reminder_off.png in Resources */ = {isa = PBXBuildFile; fileRef = 93AF836919A1E83C00E47DCF /* reminder_off.png */; };
		93AF837119A1E83C00E47DCF /* reminder_on.png in Resources */ = {isa = PBXBuildFile; fileRef = 93AF836A19A1E83C00E47DCF /* reminder_on.png */; };
		93AF837219A1E83C00E47DCF /* reminder_pause.png in Resources */ = {isa = PBXBuildFile; fileRef = 93AF836B19A1E83C00E47DCF /* reminder_pause.png */; };
		93AF837319A1E83C00E47DCF /* status-icon.png in Resources */ = {isa = PBXBuildFile; fileRef = 93AF836C19A1E83C00E47DCF /* status-icon.png */; };
		93AF837419A1E83C00E47DCF /* status-icon@2x.png in Resources */ = {isa = PBXBuildFile; fileRef = 93AF836D19A1E83C00E47DCF /* status-icon@2x.png */; };
		93AF837619A1E8D800E47DCF /* Sparkle.framework in Embed Frameworks */ = {isa = PBXBuildFile; fileRef = 93AF836419A1E83200E47DCF /* Sparkle.framework */; settings = {ATTRIBUTES = (RemoveHeadersOnCopy, ); }; };
		93AF837C19A1E90600E47DCF /* LaunchAtLoginController.m in Sources */ = {isa = PBXBuildFile; fileRef = 93AF837919A1E90600E47DCF /* LaunchAtLoginController.m */; };
		93AF837D19A1E90600E47DCF /* PreferenceData.m in Sources */ = {isa = PBXBuildFile; fileRef = 93AF837B19A1E90600E47DCF /* PreferenceData.m */; };
		93AF838019A1EA2D00E47DCF /* Credits.rtf in Resources */ = {isa = PBXBuildFile; fileRef = 93AF837E19A1EA2D00E47DCF /* Credits.rtf */; };
/* End PBXBuildFile section */

/* Begin PBXContainerItemProxy section */
		93AF835419A1E7D100E47DCF /* PBXContainerItemProxy */ = {
			isa = PBXContainerItemProxy;
			containerPortal = 93AF833819A1E7D000E47DCF /* Project object */;
			proxyType = 1;
			remoteGlobalIDString = 93AF833F19A1E7D000E47DCF;
			remoteInfo = SitReminder;
		};
/* End PBXContainerItemProxy section */

/* Begin PBXCopyFilesBuildPhase section */
		93AF837719A1E8D800E47DCF /* Embed Frameworks */ = {
			isa = PBXCopyFilesBuildPhase;
			buildActionMask = 2147483647;
			dstPath = "";
			dstSubfolderSpec = 10;
			files = (
				93AF837619A1E8D800E47DCF /* Sparkle.framework in Embed Frameworks */,
			);
			name = "Embed Frameworks";
			runOnlyForDeploymentPostprocessing = 0;
		};
/* End PBXCopyFilesBuildPhase section */

/* Begin PBXFileReference section */
		934746C519A1F26600D54E53 /* Base */ = {isa = PBXFileReference; lastKnownFileType = text.plist.strings; name = Base; path = Base.lproj/Localizable.strings; sourceTree = "<group>"; };
		934746D219A1F86A00D54E53 /* en */ = {isa = PBXFileReference; lastKnownFileType = text.rtf; name = en; path = en.lproj/Credits.rtf; sourceTree = "<group>"; };
		934746D319A1F90B00D54E53 /* en */ = {isa = PBXFileReference; lastKnownFileType = text.plist.strings; name = en; path = en.lproj/Localizable.strings; sourceTree = "<group>"; };
		934746D519A1F96300D54E53 /* en */ = {isa = PBXFileReference; lastKnownFileType = text.plist.strings; name = en; path = en.lproj/MainMenu.strings; sourceTree = "<group>"; };
		934746D619A1FAB300D54E53 /* zh-Hans */ = {isa = PBXFileReference; lastKnownFileType = text.plist.strings; name = "zh-Hans"; path = "zh-Hans.lproj/MainMenu.strings"; sourceTree = "<group>"; };
		934746D719A1FAD000D54E53 /* zh-Hans */ = {isa = PBXFileReference; lastKnownFileType = text.plist.strings; name = "zh-Hans"; path = "zh-Hans.lproj/Localizable.strings"; sourceTree = "<group>"; };
		934746D819A1FB0D00D54E53 /* zh-Hans */ = {isa = PBXFileReference; lastKnownFileType = text.rtf; name = "zh-Hans"; path = "zh-Hans.lproj/Credits.rtf"; sourceTree = "<group>"; };
		93AF834019A1E7D000E47DCF /* SitReminder.app */ = {isa = PBXFileReference; explicitFileType = wrapper.application; includeInIndex = 0; path = SitReminder.app; sourceTree = BUILT_PRODUCTS_DIR; };
		93AF834419A1E7D000E47DCF /* Info.plist */ = {isa = PBXFileReference; lastKnownFileType = text.plist.xml; path = Info.plist; sourceTree = "<group>"; };
		93AF834519A1E7D000E47DCF /* main.m */ = {isa = PBXFileReference; lastKnownFileType = sourcecode.c.objc; path = main.m; sourceTree = "<group>"; };
		93AF834719A1E7D000E47DCF /* AppDelegate.h */ = {isa = PBXFileReference; lastKnownFileType = sourcecode.c.h; path = AppDelegate.h; sourceTree = "<group>"; };
		93AF834819A1E7D000E47DCF /* AppDelegate.m */ = {isa = PBXFileReference; lastKnownFileType = sourcecode.c.objc; path = AppDelegate.m; sourceTree = "<group>"; };
		93AF834A19A1E7D000E47DCF /* Images.xcassets */ = {isa = PBXFileReference; lastKnownFileType = folder.assetcatalog; path = Images.xcassets; sourceTree = "<group>"; };
		93AF834D19A1E7D000E47DCF /* Base */ = {isa = PBXFileReference; lastKnownFileType = file.xib; name = Base; path = Base.lproj/MainMenu.xib; sourceTree = "<group>"; };
		93AF835319A1E7D000E47DCF /* SitReminderTests.xctest */ = {isa = PBXFileReference; explicitFileType = wrapper.cfbundle; includeInIndex = 0; path = SitReminderTests.xctest; sourceTree = BUILT_PRODUCTS_DIR; };
		93AF835819A1E7D100E47DCF /* Info.plist */ = {isa = PBXFileReference; lastKnownFileType = text.plist.xml; path = Info.plist; sourceTree = "<group>"; };
		93AF835919A1E7D100E47DCF /* SitReminderTests.m */ = {isa = PBXFileReference; lastKnownFileType = sourcecode.c.objc; path = SitReminderTests.m; sourceTree = "<group>"; };
		93AF836419A1E83200E47DCF /* Sparkle.framework */ = {isa = PBXFileReference; lastKnownFileType = wrapper.framework; name = Sparkle.framework; path = Frameworks/Sparkle.framework; sourceTree = "<group>"; };
		93AF836719A1E83C00E47DCF /* dsa_pub.pem */ = {isa = PBXFileReference; fileEncoding = 4; lastKnownFileType = text; path = dsa_pub.pem; sourceTree = "<group>"; };
		93AF836819A1E83C00E47DCF /* icon.icns */ = {isa = PBXFileReference; lastKnownFileType = image.icns; path = icon.icns; sourceTree = "<group>"; };
		93AF836919A1E83C00E47DCF /* reminder_off.png */ = {isa = PBXFileReference; lastKnownFileType = image.png; path = reminder_off.png; sourceTree = "<group>"; };
		93AF836A19A1E83C00E47DCF /* reminder_on.png */ = {isa = PBXFileReference; lastKnownFileType = image.png; path = reminder_on.png; sourceTree = "<group>"; };
		93AF836B19A1E83C00E47DCF /* reminder_pause.png */ = {isa = PBXFileReference; lastKnownFileType = image.png; path = reminder_pause.png; sourceTree = "<group>"; };
		93AF836C19A1E83C00E47DCF /* status-icon.png */ = {isa = PBXFileReference; lastKnownFileType = image.png; path = "status-icon.png"; sourceTree = "<group>"; };
		93AF836D19A1E83C00E47DCF /* status-icon@2x.png */ = {isa = PBXFileReference; lastKnownFileType = image.png; path = "status-icon@2x.png"; sourceTree = "<group>"; };
		93AF837819A1E90600E47DCF /* LaunchAtLoginController.h */ = {isa = PBXFileReference; fileEncoding = 4; lastKnownFileType = sourcecode.c.h; path = LaunchAtLoginController.h; sourceTree = "<group>"; };
		93AF837919A1E90600E47DCF /* LaunchAtLoginController.m */ = {isa = PBXFileReference; fileEncoding = 4; lastKnownFileType = sourcecode.c.objc; path = LaunchAtLoginController.m; sourceTree = "<group>"; };
		93AF837A19A1E90600E47DCF /* PreferenceData.h */ = {isa = PBXFileReference; fileEncoding = 4; lastKnownFileType = sourcecode.c.h; path = PreferenceData.h; sourceTree = "<group>"; };
		93AF837B19A1E90600E47DCF /* PreferenceData.m */ = {isa = PBXFileReference; fileEncoding = 4; lastKnownFileType = sourcecode.c.objc; path = PreferenceData.m; sourceTree = "<group>"; };
		93AF837F19A1EA2D00E47DCF /* Base */ = {isa = PBXFileReference; lastKnownFileType = text.rtf; name = Base; path = Base.lproj/Credits.rtf; sourceTree = "<group>"; };
/* End PBXFileReference section */

/* Begin PBXFrameworksBuildPhase section */
		93AF833D19A1E7D000E47DCF /* Frameworks */ = {
			isa = PBXFrameworksBuildPhase;
			buildActionMask = 2147483647;
			files = (
				93AF836519A1E83200E47DCF /* Sparkle.framework in Frameworks */,
			);
			runOnlyForDeploymentPostprocessing = 0;
		};
		93AF835019A1E7D000E47DCF /* Frameworks */ = {
			isa = PBXFrameworksBuildPhase;
			buildActionMask = 2147483647;
			files = (
			);
			runOnlyForDeploymentPostprocessing = 0;
		};
/* End PBXFrameworksBuildPhase section */

/* Begin PBXGroup section */
		93AF833719A1E7D000E47DCF = {
			isa = PBXGroup;
			children = (
				93AF834219A1E7D000E47DCF /* SitReminder */,
				93AF836619A1E83C00E47DCF /* Resources */,
				93AF836319A1E81F00E47DCF /* Frameworks */,
				93AF835619A1E7D100E47DCF /* SitReminderTests */,
				93AF834119A1E7D000E47DCF /* Products */,
			);
			sourceTree = "<group>";
		};
		93AF834119A1E7D000E47DCF /* Products */ = {
			isa = PBXGroup;
			children = (
				93AF834019A1E7D000E47DCF /* SitReminder.app */,
				93AF835319A1E7D000E47DCF /* SitReminderTests.xctest */,
			);
			name = Products;
			sourceTree = "<group>";
		};
		93AF834219A1E7D000E47DCF /* SitReminder */ = {
			isa = PBXGroup;
			children = (
				93AF837819A1E90600E47DCF /* LaunchAtLoginController.h */,
				93AF837919A1E90600E47DCF /* LaunchAtLoginController.m */,
				93AF837A19A1E90600E47DCF /* PreferenceData.h */,
				93AF837B19A1E90600E47DCF /* PreferenceData.m */,
				93AF834719A1E7D000E47DCF /* AppDelegate.h */,
				93AF834819A1E7D000E47DCF /* AppDelegate.m */,
				93AF834A19A1E7D000E47DCF /* Images.xcassets */,
				93AF834C19A1E7D000E47DCF /* MainMenu.xib */,
				93AF834319A1E7D000E47DCF /* Supporting Files */,
			);
			path = SitReminder;
			sourceTree = "<group>";
		};
		93AF834319A1E7D000E47DCF /* Supporting Files */ = {
			isa = PBXGroup;
			children = (
				93AF837E19A1EA2D00E47DCF /* Credits.rtf */,
				93AF834419A1E7D000E47DCF /* Info.plist */,
				93AF834519A1E7D000E47DCF /* main.m */,
			);
			name = "Supporting Files";
			sourceTree = "<group>";
		};
		93AF835619A1E7D100E47DCF /* SitReminderTests */ = {
			isa = PBXGroup;
			children = (
				93AF835919A1E7D100E47DCF /* SitReminderTests.m */,
				93AF835719A1E7D100E47DCF /* Supporting Files */,
			);
			path = SitReminderTests;
			sourceTree = "<group>";
		};
		93AF835719A1E7D100E47DCF /* Supporting Files */ = {
			isa = PBXGroup;
			children = (
				93AF835819A1E7D100E47DCF /* Info.plist */,
			);
			name = "Supporting Files";
			sourceTree = "<group>";
		};
		93AF836319A1E81F00E47DCF /* Frameworks */ = {
			isa = PBXGroup;
			children = (
				93AF836419A1E83200E47DCF /* Sparkle.framework */,
			);
			name = Frameworks;
			sourceTree = "<group>";
		};
		93AF836619A1E83C00E47DCF /* Resources */ = {
			isa = PBXGroup;
			children = (
				93AF836719A1E83C00E47DCF /* dsa_pub.pem */,
				93AF836819A1E83C00E47DCF /* icon.icns */,
				93AF836919A1E83C00E47DCF /* reminder_off.png */,
				93AF836A19A1E83C00E47DCF /* reminder_on.png */,
				93AF836B19A1E83C00E47DCF /* reminder_pause.png */,
				93AF836C19A1E83C00E47DCF /* status-icon.png */,
				93AF836D19A1E83C00E47DCF /* status-icon@2x.png */,
				934746C619A1F26600D54E53 /* Localizable.strings */,
			);
			name = Resources;
			path = SitReminder/Resources;
			sourceTree = "<group>";
		};
/* End PBXGroup section */

/* Begin PBXNativeTarget section */
		93AF833F19A1E7D000E47DCF /* SitReminder */ = {
			isa = PBXNativeTarget;
			buildConfigurationList = 93AF835D19A1E7D100E47DCF /* Build configuration list for PBXNativeTarget "SitReminder" */;
			buildPhases = (
				93AF833C19A1E7D000E47DCF /* Sources */,
				93AF833D19A1E7D000E47DCF /* Frameworks */,
				93AF833E19A1E7D000E47DCF /* Resources */,
				93AF837719A1E8D800E47DCF /* Embed Frameworks */,
			);
			buildRules = (
			);
			dependencies = (
			);
			name = SitReminder;
			productName = SitReminder;
			productReference = 93AF834019A1E7D000E47DCF /* SitReminder.app */;
			productType = "com.apple.product-type.application";
		};
		93AF835219A1E7D000E47DCF /* SitReminderTests */ = {
			isa = PBXNativeTarget;
			buildConfigurationList = 93AF836019A1E7D100E47DCF /* Build configuration list for PBXNativeTarget "SitReminderTests" */;
			buildPhases = (
				93AF834F19A1E7D000E47DCF /* Sources */,
				93AF835019A1E7D000E47DCF /* Frameworks */,
				93AF835119A1E7D000E47DCF /* Resources */,
			);
			buildRules = (
			);
			dependencies = (
				93AF835519A1E7D100E47DCF /* PBXTargetDependency */,
			);
			name = SitReminderTests;
			productName = SitReminderTests;
			productReference = 93AF835319A1E7D000E47DCF /* SitReminderTests.xctest */;
			productType = "com.apple.product-type.bundle.unit-test";
		};
/* End PBXNativeTarget section */

/* Begin PBXProject section */
		93AF833819A1E7D000E47DCF /* Project object */ = {
			isa = PBXProject;
			attributes = {
				LastUpgradeCheck = 0600;
				ORGANIZATIONNAME = silentcloud;
				TargetAttributes = {
					93AF833F19A1E7D000E47DCF = {
						CreatedOnToolsVersion = 6.0;
					};
					93AF835219A1E7D000E47DCF = {
						CreatedOnToolsVersion = 6.0;
						TestTargetID = 93AF833F19A1E7D000E47DCF;
					};
				};
			};
			buildConfigurationList = 93AF833B19A1E7D000E47DCF /* Build configuration list for PBXProject "SitReminder" */;
			compatibilityVersion = "Xcode 3.2";
			developmentRegion = English;
			hasScannedForEncodings = 0;
			knownRegions = (
				Base,
				en,
				"zh-Hans",
			);
			mainGroup = 93AF833719A1E7D000E47DCF;
			productRefGroup = 93AF834119A1E7D000E47DCF /* Products */;
			projectDirPath = "";
			projectRoot = "";
			targets = (
				93AF833F19A1E7D000E47DCF /* SitReminder */,
				93AF835219A1E7D000E47DCF /* SitReminderTests */,
			);
		};
/* End PBXProject section */

/* Begin PBXResourcesBuildPhase section */
		93AF833E19A1E7D000E47DCF /* Resources */ = {
			isa = PBXResourcesBuildPhase;
			buildActionMask = 2147483647;
			files = (
				93AF834B19A1E7D000E47DCF /* Images.xcassets in Resources */,
				93AF837419A1E83C00E47DCF /* status-icon@2x.png in Resources */,
				934746C419A1F26600D54E53 /* Localizable.strings in Resources */,
				93AF836F19A1E83C00E47DCF /* icon.icns in Resources */,
				93AF836E19A1E83C00E47DCF /* dsa_pub.pem in Resources */,
				93AF834E19A1E7D000E47DCF /* MainMenu.xib in Resources */,
				93AF838019A1EA2D00E47DCF /* Credits.rtf in Resources */,
				93AF837319A1E83C00E47DCF /* status-icon.png in Resources */,
				93AF837219A1E83C00E47DCF /* reminder_pause.png in Resources */,
				93AF837119A1E83C00E47DCF /* reminder_on.png in Resources */,
				93AF837019A1E83C00E47DCF /* reminder_off.png in Resources */,
			);
			runOnlyForDeploymentPostprocessing = 0;
		};
		93AF835119A1E7D000E47DCF /* Resources */ = {
			isa = PBXResourcesBuildPhase;
			buildActionMask = 2147483647;
			files = (
			);
			runOnlyForDeploymentPostprocessing = 0;
		};
/* End PBXResourcesBuildPhase section */

/* Begin PBXSourcesBuildPhase section */
		93AF833C19A1E7D000E47DCF /* Sources */ = {
			isa = PBXSourcesBuildPhase;
			buildActionMask = 2147483647;
			files = (
				93AF837D19A1E90600E47DCF /* PreferenceData.m in Sources */,
				93AF837C19A1E90600E47DCF /* LaunchAtLoginController.m in Sources */,
				93AF834919A1E7D000E47DCF /* AppDelegate.m in Sources */,
				93AF834619A1E7D000E47DCF /* main.m in Sources */,
			);
			runOnlyForDeploymentPostprocessing = 0;
		};
		93AF834F19A1E7D000E47DCF /* Sources */ = {
			isa = PBXSourcesBuildPhase;
			buildActionMask = 2147483647;
			files = (
				93AF835A19A1E7D100E47DCF /* SitReminderTests.m in Sources */,
			);
			runOnlyForDeploymentPostprocessing = 0;
		};
/* End PBXSourcesBuildPhase section */

/* Begin PBXTargetDependency section */
		93AF835519A1E7D100E47DCF /* PBXTargetDependency */ = {
			isa = PBXTargetDependency;
			target = 93AF833F19A1E7D000E47DCF /* SitReminder */;
			targetProxy = 93AF835419A1E7D100E47DCF /* PBXContainerItemProxy */;
		};
/* End PBXTargetDependency section */

/* Begin PBXVariantGroup section */
		934746C619A1F26600D54E53 /* Localizable.strings */ = {
			isa = PBXVariantGroup;
			children = (
				934746C519A1F26600D54E53 /* Base */,
				934746D319A1F90B00D54E53 /* en */,
				934746D719A1FAD000D54E53 /* zh-Hans */,
			);
			name = Localizable.strings;
			sourceTree = "<group>";
		};
		93AF834C19A1E7D000E47DCF /* MainMenu.xib */ = {
			isa = PBXVariantGroup;
			children = (
				93AF834D19A1E7D000E47DCF /* Base */,
				934746D519A1F96300D54E53 /* en */,
				934746D619A1FAB300D54E53 /* zh-Hans */,
			);
			name = MainMenu.xib;
			sourceTree = "<group>";
		};
		93AF837E19A1EA2D00E47DCF /* Credits.rtf */ = {
			isa = PBXVariantGroup;
			children = (
				93AF837F19A1EA2D00E47DCF /* Base */,
				934746D219A1F86A00D54E53 /* en */,
				934746D819A1FB0D00D54E53 /* zh-Hans */,
			);
			name = Credits.rtf;
			sourceTree = "<group>";
		};
/* End PBXVariantGroup section */

/* Begin XCBuildConfiguration section */
		93AF835B19A1E7D100E47DCF /* Debug */ = {
			isa = XCBuildConfiguration;
			buildSettings = {
				ALWAYS_SEARCH_USER_PATHS = NO;
				CLANG_CXX_LANGUAGE_STANDARD = "gnu++0x";
				CLANG_CXX_LIBRARY = "libc++";
				CLANG_ENABLE_MODULES = YES;
				CLANG_ENABLE_OBJC_ARC = YES;
				CLANG_WARN_BOOL_CONVERSION = YES;
				CLANG_WARN_CONSTANT_CONVERSION = YES;
				CLANG_WARN_DIRECT_OBJC_ISA_USAGE = YES_ERROR;
				CLANG_WARN_EMPTY_BODY = YES;
				CLANG_WARN_ENUM_CONVERSION = YES;
				CLANG_WARN_INT_CONVERSION = YES;
				CLANG_WARN_OBJC_ROOT_CLASS = YES_ERROR;
				CLANG_WARN_UNREACHABLE_CODE = YES;
				CLANG_WARN__DUPLICATE_METHOD_MATCH = YES;
				CODE_SIGN_IDENTITY = "-";
				COPY_PHASE_STRIP = NO;
				ENABLE_STRICT_OBJC_MSGSEND = YES;
				GCC_C_LANGUAGE_STANDARD = gnu99;
				GCC_DYNAMIC_NO_PIC = NO;
				GCC_OPTIMIZATION_LEVEL = 0;
				GCC_PREPROCESSOR_DEFINITIONS = (
					"DEBUG=1",
					"$(inherited)",
				);
				GCC_SYMBOLS_PRIVATE_EXTERN = NO;
				GCC_WARN_64_TO_32_BIT_CONVERSION = YES;
				GCC_WARN_ABOUT_RETURN_TYPE = YES_ERROR;
				GCC_WARN_UNDECLARED_SELECTOR = YES;
				GCC_WARN_UNINITIALIZED_AUTOS = YES_AGGRESSIVE;
				GCC_WARN_UNUSED_FUNCTION = YES;
				GCC_WARN_UNUSED_VARIABLE = YES;
				MACOSX_DEPLOYMENT_TARGET = 10.9;
				MTL_ENABLE_DEBUG_INFO = YES;
				ONLY_ACTIVE_ARCH = YES;
				SDKROOT = macosx;
			};
			name = Debug;
		};
		93AF835C19A1E7D100E47DCF /* Release */ = {
			isa = XCBuildConfiguration;
			buildSettings = {
				ALWAYS_SEARCH_USER_PATHS = NO;
				CLANG_CXX_LANGUAGE_STANDARD = "gnu++0x";
				CLANG_CXX_LIBRARY = "libc++";
				CLANG_ENABLE_MODULES = YES;
				CLANG_ENABLE_OBJC_ARC = YES;
				CLANG_WARN_BOOL_CONVERSION = YES;
				CLANG_WARN_CONSTANT_CONVERSION = YES;
				CLANG_WARN_DIRECT_OBJC_ISA_USAGE = YES_ERROR;
				CLANG_WARN_EMPTY_BODY = YES;
				CLANG_WARN_ENUM_CONVERSION = YES;
				CLANG_WARN_INT_CONVERSION = YES;
				CLANG_WARN_OBJC_ROOT_CLASS = YES_ERROR;
				CLANG_WARN_UNREACHABLE_CODE = YES;
				CLANG_WARN__DUPLICATE_METHOD_MATCH = YES;
				CODE_SIGN_IDENTITY = "-";
				COPY_PHASE_STRIP = YES;
				DEBUG_INFORMATION_FORMAT = "dwarf-with-dsym";
				ENABLE_NS_ASSERTIONS = NO;
				ENABLE_STRICT_OBJC_MSGSEND = YES;
				GCC_C_LANGUAGE_STANDARD = gnu99;
				GCC_WARN_64_TO_32_BIT_CONVERSION = YES;
				GCC_WARN_ABOUT_RETURN_TYPE = YES_ERROR;
				GCC_WARN_UNDECLARED_SELECTOR = YES;
				GCC_WARN_UNINITIALIZED_AUTOS = YES_AGGRESSIVE;
				GCC_WARN_UNUSED_FUNCTION = YES;
				GCC_WARN_UNUSED_VARIABLE = YES;
				MACOSX_DEPLOYMENT_TARGET = 10.9;
				MTL_ENABLE_DEBUG_INFO = NO;
				SDKROOT = macosx;
			};
			name = Release;
		};
		93AF835E19A1E7D100E47DCF /* Debug */ = {
			isa = XCBuildConfiguration;
			buildSettings = {
				CODE_SIGN_IDENTITY = "";
				COMBINE_HIDPI_IMAGES = YES;
				FRAMEWORK_SEARCH_PATHS = (
					"$(inherited)",
					"$(PROJECT_DIR)/Frameworks",
				);
				INFOPLIST_FILE = SitReminder/Info.plist;
				LD_RUNPATH_SEARCH_PATHS = "$(inherited) @executable_path/../Frameworks";
				MACOSX_DEPLOYMENT_TARGET = 10.9;
				PRODUCT_NAME = "$(TARGET_NAME)";
			};
			name = Debug;
		};
		93AF835F19A1E7D100E47DCF /* Release */ = {
			isa = XCBuildConfiguration;
			buildSettings = {
				CODE_SIGN_IDENTITY = "";
				COMBINE_HIDPI_IMAGES = YES;
				FRAMEWORK_SEARCH_PATHS = (
					"$(inherited)",
					"$(PROJECT_DIR)/Frameworks",
				);
				INFOPLIST_FILE = SitReminder/Info.plist;
				LD_RUNPATH_SEARCH_PATHS = "$(inherited) @executable_path/../Frameworks";
				MACOSX_DEPLOYMENT_TARGET = 10.9;
				PRODUCT_NAME = "$(TARGET_NAME)";
			};
			name = Release;
		};
		93AF836119A1E7D100E47DCF /* Debug */ = {
			isa = XCBuildConfiguration;
			buildSettings = {
				BUNDLE_LOADER = "$(TEST_HOST)";
				COMBINE_HIDPI_IMAGES = YES;
				FRAMEWORK_SEARCH_PATHS = (
					"$(DEVELOPER_FRAMEWORKS_DIR)",
					"$(inherited)",
				);
				GCC_PREPROCESSOR_DEFINITIONS = (
					"DEBUG=1",
					"$(inherited)",
				);
				INFOPLIST_FILE = SitReminderTests/Info.plist;
				LD_RUNPATH_SEARCH_PATHS = "$(inherited) @executable_path/../Frameworks @loader_path/../Frameworks";
				PRODUCT_NAME = "$(TARGET_NAME)";
				TEST_HOST = "$(BUILT_PRODUCTS_DIR)/SitReminder.app/Contents/MacOS/SitReminder";
			};
			name = Debug;
		};
		93AF836219A1E7D100E47DCF /* Release */ = {
			isa = XCBuildConfiguration;
			buildSettings = {
				BUNDLE_LOADER = "$(TEST_HOST)";
				COMBINE_HIDPI_IMAGES = YES;
				FRAMEWORK_SEARCH_PATHS = (
					"$(DEVELOPER_FRAMEWORKS_DIR)",
					"$(inherited)",
				);
				INFOPLIST_FILE = SitReminderTests/Info.plist;
				LD_RUNPATH_SEARCH_PATHS = "$(inherited) @executable_path/../Frameworks @loader_path/../Frameworks";
				PRODUCT_NAME = "$(TARGET_NAME)";
				TEST_HOST = "$(BUILT_PRODUCTS_DIR)/SitReminder.app/Contents/MacOS/SitReminder";
			};
			name = Release;
		};
/* End XCBuildConfiguration section */

/* Begin XCConfigurationList section */
		93AF833B19A1E7D000E47DCF /* Build configuration list for PBXProject "SitReminder" */ = {
			isa = XCConfigurationList;
			buildConfigurations = (
				93AF835B19A1E7D100E47DCF /* Debug */,
				93AF835C19A1E7D100E47DCF /* Release */,
			);
			defaultConfigurationIsVisible = 0;
			defaultConfigurationName = Release;
		};
		93AF835D19A1E7D100E47DCF /* Build configuration list for PBXNativeTarget "SitReminder" */ = {
			isa = XCConfigurationList;
			buildConfigurations = (
				93AF835E19A1E7D100E47DCF /* Debug */,
				93AF835F19A1E7D100E47DCF /* Release */,
			);
			defaultConfigurationIsVisible = 0;
			defaultConfigurationName = Release;
		};
		93AF836019A1E7D100E47DCF /* Build configuration list for PBXNativeTarget "SitReminderTests" */ = {
			isa = XCConfigurationList;
			buildConfigurations = (
				93AF836119A1E7D100E47DCF /* Debug */,
				93AF836219A1E7D100E47DCF /* Release */,
			);
			defaultConfigurationIsVisible = 0;
			defaultConfigurationName = Release;
		};
/* End XCConfigurationList section */
	};
	rootObject = 93AF833819A1E7D000E47DCF /* Project object */;
}
